
Microsoft Visual Studio Solution File, Format Version 12.00
# Visual Studio Version 17
VisualStudioVersion = 17.2.32630.192
MinimumVisualStudioVersion = 10.0.40219.1
Project("{9A19103F-16F7-4668-BE54-9A1E7A4F7556}") = "WorkInClass 01.26.23", "WorkInClass 01.26.23\WorkInClass 01.26.23.csproj", "{3F95768C-7F76-4344-9C55-5E956B00D899}"
EndProject
Project("{FAE04EC0-301F-11D3-BF4B-00C04F79EFBC}") = "WorkAtHome", "WorkAtHome\WorkAtHome.csproj", "{F1E27744-795A-46CB-B4B0-4DF145423F7D}"
EndProject
Global
	GlobalSection(SolutionConfigurationPlatforms) = preSolution
		Debug|Any CPU = Debug|Any CPU
		Release|Any CPU = Release|Any CPU
	EndGlobalSection
	GlobalSection(ProjectConfigurationPlatforms) = postSolution
		{3F95768C-7F76-4344-9C55-5E956B00D899}.Debug|Any CPU.ActiveCfg = Debug|Any CPU
		{3F95768C-7F76-4344-9C55-5E956B00D899}.Debug|Any CPU.Build.0 = Debug|Any CPU
		{3F95768C-7F76-4344-9C55-5E956B00D899}.Release|Any CPU.ActiveCfg = Release|Any CPU
		{3F95768C-7F76-4344-9C55-5E956B00D899}.Release|Any CPU.Build.0 = Release|Any CPU
		{F1E27744-795A-46CB-B4B0-4DF145423F7D}.Debug|Any CPU.ActiveCfg = Debug|Any CPU
		{F1E27744-795A-46CB-B4B0-4DF145423F7D}.Debug|Any CPU.Build.0 = Debug|Any CPU
		{F1E27744-795A-46CB-B4B0-4DF145423F7D}.Release|Any CPU.ActiveCfg = Release|Any CPU
		{F1E27744-795A-46CB-B4B0-4DF145423F7D}.Release|Any CPU.Build.0 = Release|Any CPU
	EndGlobalSection
	GlobalSection(SolutionProperties) = preSolution
		HideSolutionNode = FALSE
	EndGlobalSection
	GlobalSection(ExtensibilityGlobals) = postSolution
		SolutionGuid = {4F66E3FE-CE82-4E14-A227-5154E773937D}
	EndGlobalSection
EndGlobal
